
Microsoft Visual Studio Solution File, Format Version 12.00
# Visual Studio Version 17
VisualStudioVersion = 17.7.34031.279
MinimumVisualStudioVersion = 10.0.40219.1
Project("{FAE04EC0-301F-11D3-BF4B-00C04F79EFBC}") = "BlazorApp2", "BlazorApp2\BlazorApp2.csproj", "{749332D6-A5F2-4881-98E7-AD080C7874CB}"
EndProject
Global
	GlobalSection(SolutionConfigurationPlatforms) = preSolution
		Debug|Any CPU = Debug|Any CPU
		Release|Any CPU = Release|Any CPU
	EndGlobalSection
	GlobalSection(ProjectConfigurationPlatforms) = postSolution
		{749332D6-A5F2-4881-98E7-AD080C7874CB}.Debug|Any CPU.ActiveCfg = Debug|Any CPU
		{749332D6-A5F2-4881-98E7-AD080C7874CB}.Debug|Any CPU.Build.0 = Debug|Any CPU
		{749332D6-A5F2-4881-98E7-AD080C7874CB}.Release|Any CPU.ActiveCfg = Release|Any CPU
		{749332D6-A5F2-4881-98E7-AD080C7874CB}.Release|Any CPU.Build.0 = Release|Any CPU
	EndGlobalSection
	GlobalSection(SolutionProperties) = preSolution
		HideSolutionNode = FALSE
	EndGlobalSection
	GlobalSection(ExtensibilityGlobals) = postSolution
		SolutionGuid = {59D83DBD-A88B-4603-A1B6-78FC554A74CA}
	EndGlobalSection
EndGlobal
